
Microsoft Visual Studio Solution File, Format Version 12.00
# Visual Studio 15
VisualStudioVersion = 15.0.28307.489
MinimumVisualStudioVersion = 10.0.40219.1
Project("{FAE04EC0-301F-11D3-BF4B-00C04F79EFBC}") = "Laboratorio5_LINQ_XML_Huillca", "Laboratorio5_LINQ_XML_Huillca\Laboratorio5_LINQ_XML_Huillca.csproj", "{775716AC-45E4-4E14-8463-79EC08E6AB65}"
EndProject
Global
	GlobalSection(SolutionConfigurationPlatforms) = preSolution
		Debug|Any CPU = Debug|Any CPU
		Release|Any CPU = Release|Any CPU
	EndGlobalSection
	GlobalSection(ProjectConfigurationPlatforms) = postSolution
		{775716AC-45E4-4E14-8463-79EC08E6AB65}.Debug|Any CPU.ActiveCfg = Debug|Any CPU
		{775716AC-45E4-4E14-8463-79EC08E6AB65}.Debug|Any CPU.Build.0 = Debug|Any CPU
		{775716AC-45E4-4E14-8463-79EC08E6AB65}.Release|Any CPU.ActiveCfg = Release|Any CPU
		{775716AC-45E4-4E14-8463-79EC08E6AB65}.Release|Any CPU.Build.0 = Release|Any CPU
	EndGlobalSection
	GlobalSection(SolutionProperties) = preSolution
		HideSolutionNode = FALSE
	EndGlobalSection
	GlobalSection(ExtensibilityGlobals) = postSolution
		SolutionGuid = {649EEF9C-5F52-4983-B782-7252F77BEC69}
	EndGlobalSection
EndGlobal
